
Microsoft Visual Studio Solution File, Format Version 12.00
# Visual Studio Version 17
VisualStudioVersion = 17.8.34330.188
MinimumVisualStudioVersion = 10.0.40219.1
Project("{9A19103F-16F7-4668-BE54-9A1E7A4F7556}") = "Splitbuchungen_Auflösen", "Splitbuchungen_Auflösen\Splitbuchungen_Auflösen.csproj", "{1807838D-3446-4DF8-B7F1-C7150D41C5BB}"
EndProject
Project("{2150E333-8FDC-42A3-9474-1A3956D46DE8}") = "UnitTests", "UnitTests", "{ED91C8BC-5951-40C4-AC5A-BB0B5AE8322E}"
EndProject
Project("{9A19103F-16F7-4668-BE54-9A1E7A4F7556}") = "Splitbuchungen_Auflösen_UnitTests", "Splitbuchungen_Auflösen_UnitTests\Splitbuchungen_Auflösen_UnitTests.csproj", "{80136413-3A61-4618-85DE-3E620FA42224}"
EndProject
Project("{9A19103F-16F7-4668-BE54-9A1E7A4F7556}") = "Abgleich_Migrationsdaten", "Abgleich_Migrationsdaten\Abgleich_Migrationsdaten.csproj", "{070375C1-426A-4675-874A-22E43D24A22B}"
EndProject
Project("{9A19103F-16F7-4668-BE54-9A1E7A4F7556}") = "Abgleich_Ikaros_Export_Subito_Query", "Abgleich_Ikaros_Export_Subito_Query\Abgleich_Ikaros_Export_Subito_Query.csproj", "{9B5420C4-93F2-4D1B-A988-212CA9A1CCF6}"
EndProject
Project("{9A19103F-16F7-4668-BE54-9A1E7A4F7556}") = "Dokumente_2_Subito", "Dokumente_2_Subito\Dokumente_2_Subito.csproj", "{98EB4D26-E884-4795-B384-1CF1321983ED}"
EndProject
Project("{FAE04EC0-301F-11D3-BF4B-00C04F79EFBC}") = "Move_Big_Documents", "Move_Big_Documents\Move_Big_Documents.csproj", "{920076DE-4511-442D-938B-52B909C8E11E}"
EndProject
Global
	GlobalSection(SolutionConfigurationPlatforms) = preSolution
		Debug|Any CPU = Debug|Any CPU
		Release|Any CPU = Release|Any CPU
	EndGlobalSection
	GlobalSection(ProjectConfigurationPlatforms) = postSolution
		{1807838D-3446-4DF8-B7F1-C7150D41C5BB}.Debug|Any CPU.ActiveCfg = Debug|Any CPU
		{1807838D-3446-4DF8-B7F1-C7150D41C5BB}.Debug|Any CPU.Build.0 = Debug|Any CPU
		{1807838D-3446-4DF8-B7F1-C7150D41C5BB}.Release|Any CPU.ActiveCfg = Release|Any CPU
		{1807838D-3446-4DF8-B7F1-C7150D41C5BB}.Release|Any CPU.Build.0 = Release|Any CPU
		{80136413-3A61-4618-85DE-3E620FA42224}.Debug|Any CPU.ActiveCfg = Debug|Any CPU
		{80136413-3A61-4618-85DE-3E620FA42224}.Debug|Any CPU.Build.0 = Debug|Any CPU
		{80136413-3A61-4618-85DE-3E620FA42224}.Release|Any CPU.ActiveCfg = Release|Any CPU
		{80136413-3A61-4618-85DE-3E620FA42224}.Release|Any CPU.Build.0 = Release|Any CPU
		{070375C1-426A-4675-874A-22E43D24A22B}.Debug|Any CPU.ActiveCfg = Debug|Any CPU
		{070375C1-426A-4675-874A-22E43D24A22B}.Debug|Any CPU.Build.0 = Debug|Any CPU
		{070375C1-426A-4675-874A-22E43D24A22B}.Release|Any CPU.ActiveCfg = Release|Any CPU
		{070375C1-426A-4675-874A-22E43D24A22B}.Release|Any CPU.Build.0 = Release|Any CPU
		{9B5420C4-93F2-4D1B-A988-212CA9A1CCF6}.Debug|Any CPU.ActiveCfg = Debug|Any CPU
		{9B5420C4-93F2-4D1B-A988-212CA9A1CCF6}.Debug|Any CPU.Build.0 = Debug|Any CPU
		{9B5420C4-93F2-4D1B-A988-212CA9A1CCF6}.Release|Any CPU.ActiveCfg = Release|Any CPU
		{9B5420C4-93F2-4D1B-A988-212CA9A1CCF6}.Release|Any CPU.Build.0 = Release|Any CPU
		{98EB4D26-E884-4795-B384-1CF1321983ED}.Debug|Any CPU.ActiveCfg = Debug|Any CPU
		{98EB4D26-E884-4795-B384-1CF1321983ED}.Debug|Any CPU.Build.0 = Debug|Any CPU
		{98EB4D26-E884-4795-B384-1CF1321983ED}.Release|Any CPU.ActiveCfg = Release|Any CPU
		{98EB4D26-E884-4795-B384-1CF1321983ED}.Release|Any CPU.Build.0 = Release|Any CPU
		{920076DE-4511-442D-938B-52B909C8E11E}.Debug|Any CPU.ActiveCfg = Debug|Any CPU
		{920076DE-4511-442D-938B-52B909C8E11E}.Debug|Any CPU.Build.0 = Debug|Any CPU
		{920076DE-4511-442D-938B-52B909C8E11E}.Release|Any CPU.ActiveCfg = Release|Any CPU
		{920076DE-4511-442D-938B-52B909C8E11E}.Release|Any CPU.Build.0 = Release|Any CPU
	EndGlobalSection
	GlobalSection(SolutionProperties) = preSolution
		HideSolutionNode = FALSE
	EndGlobalSection
	GlobalSection(NestedProjects) = preSolution
		{80136413-3A61-4618-85DE-3E620FA42224} = {ED91C8BC-5951-40C4-AC5A-BB0B5AE8322E}
	EndGlobalSection
	GlobalSection(ExtensibilityGlobals) = postSolution
		SolutionGuid = {10809F43-6532-43A6-82FE-E3DD0A3B6B2C}
	EndGlobalSection
EndGlobal
